
Microsoft Visual Studio Solution File, Format Version 12.00
# Visual Studio 15
VisualStudioVersion = 15.0.27428.2027
MinimumVisualStudioVersion = 10.0.40219.1
Project("{9A19103F-16F7-4668-BE54-9A1E7A4F7556}") = "XUnitJsonTest", "XUnitJsonTest\XUnitJsonTest.csproj", "{A3AE0146-EF50-445F-BB21-87457D7CC2F4}"
EndProject
Project("{9A19103F-16F7-4668-BE54-9A1E7A4F7556}") = "SerApi", "..\..\src\SerApi.csproj", "{61B8B3DD-35CC-47CE-83AD-1979362EFBBA}"
EndProject
Global
	GlobalSection(SolutionConfigurationPlatforms) = preSolution
		Debug|Any CPU = Debug|Any CPU
		Release|Any CPU = Release|Any CPU
	EndGlobalSection
	GlobalSection(ProjectConfigurationPlatforms) = postSolution
		{A3AE0146-EF50-445F-BB21-87457D7CC2F4}.Debug|Any CPU.ActiveCfg = Debug|Any CPU
		{A3AE0146-EF50-445F-BB21-87457D7CC2F4}.Debug|Any CPU.Build.0 = Debug|Any CPU
		{A3AE0146-EF50-445F-BB21-87457D7CC2F4}.Release|Any CPU.ActiveCfg = Release|Any CPU
		{A3AE0146-EF50-445F-BB21-87457D7CC2F4}.Release|Any CPU.Build.0 = Release|Any CPU
		{61B8B3DD-35CC-47CE-83AD-1979362EFBBA}.Debug|Any CPU.ActiveCfg = Debug|Any CPU
		{61B8B3DD-35CC-47CE-83AD-1979362EFBBA}.Debug|Any CPU.Build.0 = Debug|Any CPU
		{61B8B3DD-35CC-47CE-83AD-1979362EFBBA}.Release|Any CPU.ActiveCfg = Release|Any CPU
		{61B8B3DD-35CC-47CE-83AD-1979362EFBBA}.Release|Any CPU.Build.0 = Release|Any CPU
	EndGlobalSection
	GlobalSection(SolutionProperties) = preSolution
		HideSolutionNode = FALSE
	EndGlobalSection
	GlobalSection(ExtensibilityGlobals) = postSolution
		SolutionGuid = {3BE484E4-8D9C-4199-A3A8-3A18A1CB9BFD}
	EndGlobalSection
EndGlobal
