
Microsoft Visual Studio Solution File, Format Version 12.00
# Visual Studio Version 16
VisualStudioVersion = 16.0.29728.190
MinimumVisualStudioVersion = 10.0.40219.1
Project("{9A19103F-16F7-4668-BE54-9A1E7A4F7556}") = "SerApi", "SerApi.csproj", "{3D764FB1-EF5B-40FC-A4C2-B82473256995}"
EndProject
Global
	GlobalSection(SolutionConfigurationPlatforms) = preSolution
		Debug|Any CPU = Debug|Any CPU
		Release|Any CPU = Release|Any CPU
	EndGlobalSection
	GlobalSection(ProjectConfigurationPlatforms) = postSolution
		{3D764FB1-EF5B-40FC-A4C2-B82473256995}.Debug|Any CPU.ActiveCfg = Debug|Any CPU
		{3D764FB1-EF5B-40FC-A4C2-B82473256995}.Debug|Any CPU.Build.0 = Debug|Any CPU
		{3D764FB1-EF5B-40FC-A4C2-B82473256995}.Release|Any CPU.ActiveCfg = Release|Any CPU
		{3D764FB1-EF5B-40FC-A4C2-B82473256995}.Release|Any CPU.Build.0 = Release|Any CPU
	EndGlobalSection
	GlobalSection(SolutionProperties) = preSolution
		HideSolutionNode = FALSE
	EndGlobalSection
	GlobalSection(ExtensibilityGlobals) = postSolution
		SolutionGuid = {7BB51D29-4CBF-4AE8-9CBD-A3CD5AF7707C}
	EndGlobalSection
EndGlobal
